// !$*UTF8*$!
{
	archiveVersion = 1;
	classes = {
	};
	objectVersion = 50;
	objects = {

/* Begin PBXBuildFile section */
		EC0547F923956CE700F5501F /* MNIST.mlmodel in Sources */ = {isa = PBXBuildFile; fileRef = EC0547F823956CE700F5501F /* MNIST.mlmodel */; };
		EC1E451723942A4E009CB1FF /* AppDelegate.swift in Sources */ = {isa = PBXBuildFile; fileRef = EC1E451623942A4E009CB1FF /* AppDelegate.swift */; };
		EC1E451923942A4E009CB1FF /* SceneDelegate.swift in Sources */ = {isa = PBXBuildFile; fileRef = EC1E451823942A4E009CB1FF /* SceneDelegate.swift */; };
		EC1E451B23942A4E009CB1FF /* ViewController.swift in Sources */ = {isa = PBXBuildFile; fileRef = EC1E451A23942A4E009CB1FF /* ViewController.swift */; };
		EC1E451E23942A4E009CB1FF /* Main.storyboard in Resources */ = {isa = PBXBuildFile; fileRef = EC1E451C23942A4E009CB1FF /* Main.storyboard */; };
		EC1E452023942A4F009CB1FF /* Assets.xcassets in Resources */ = {isa = PBXBuildFile; fileRef = EC1E451F23942A4F009CB1FF /* Assets.xcassets */; };
		EC1E452323942A4F009CB1FF /* LaunchScreen.storyboard in Resources */ = {isa = PBXBuildFile; fileRef = EC1E452123942A4F009CB1FF /* LaunchScreen.storyboard */; };
		EC1E452B23943146009CB1FF /* UIImage+Extension.swift in Sources */ = {isa = PBXBuildFile; fileRef = EC1E452A23943146009CB1FF /* UIImage+Extension.swift */; };
		ECC0B23A23A2E3B900D970B8 /* MNISTClassifier.mlmodel in Sources */ = {isa = PBXBuildFile; fileRef = ECC0B23923A2E3B900D970B8 /* MNISTClassifier.mlmodel */; };
/* End PBXBuildFile section */

/* Begin PBXFileReference section */
		EC0547F823956CE700F5501F /* MNIST.mlmodel */ = {isa = PBXFileReference; lastKnownFileType = file.mlmodel; path = MNIST.mlmodel; sourceTree = "<group>"; };
		EC1E451323942A4E009CB1FF /* PencilKitMNIST.app */ = {isa = PBXFileReference; explicitFileType = wrapper.application; includeInIndex = 0; path = PencilKitMNIST.app; sourceTree = BUILT_PRODUCTS_DIR; };
		EC1E451623942A4E009CB1FF /* AppDelegate.swift */ = {isa = PBXFileReference; lastKnownFileType = sourcecode.swift; path = AppDelegate.swift; sourceTree = "<group>"; };
		EC1E451823942A4E009CB1FF /* SceneDelegate.swift */ = {isa = PBXFileReference; lastKnownFileType = sourcecode.swift; path = SceneDelegate.swift; sourceTree = "<group>"; };
		EC1E451A23942A4E009CB1FF /* ViewController.swift */ = {isa = PBXFileReference; lastKnownFileType = sourcecode.swift; path = ViewController.swift; sourceTree = "<group>"; };
		EC1E451D23942A4E009CB1FF /* Base */ = {isa = PBXFileReference; lastKnownFileType = file.storyboard; name = Base; path = Base.lproj/Main.storyboard; sourceTree = "<group>"; };
		EC1E451F23942A4F009CB1FF /* Assets.xcassets */ = {isa = PBXFileReference; lastKnownFileType = folder.assetcatalog; path = Assets.xcassets; sourceTree = "<group>"; };
		EC1E452223942A4F009CB1FF /* Base */ = {isa = PBXFileReference; lastKnownFileType = file.storyboard; name = Base; path = Base.lproj/LaunchScreen.storyboard; sourceTree = "<group>"; };
		EC1E452423942A4F009CB1FF /* Info.plist */ = {isa = PBXFileReference; lastKnownFileType = text.plist.xml; path = Info.plist; sourceTree = "<group>"; };
		EC1E452A23943146009CB1FF /* UIImage+Extension.swift */ = {isa = PBXFileReference; lastKnownFileType = sourcecode.swift; path = "UIImage+Extension.swift"; sourceTree = "<group>"; };
		ECC0B23923A2E3B900D970B8 /* MNISTClassifier.mlmodel */ = {isa = PBXFileReference; lastKnownFileType = file.mlmodel; path = MNISTClassifier.mlmodel; sourceTree = "<group>"; };
/* End PBXFileReference section */

/* Begin PBXFrameworksBuildPhase section */
		EC1E451023942A4E009CB1FF /* Frameworks */ = {
			isa = PBXFrameworksBuildPhase;
			buildActionMask = 2147483647;
			files = (
			);
			runOnlyForDeploymentPostprocessing = 0;
		};
/* End PBXFrameworksBuildPhase section */

/* Begin PBXGroup section */
		EC1E450A23942A4E009CB1FF = {
			isa = PBXGroup;
			children = (
				EC1E451523942A4E009CB1FF /* PencilKitMNIST */,
				EC1E451423942A4E009CB1FF /* Products */,
			);
			sourceTree = "<group>";
		};
		EC1E451423942A4E009CB1FF /* Products */ = {
			isa = PBXGroup;
			children = (
				EC1E451323942A4E009CB1FF /* PencilKitMNIST.app */,
			);
			name = Products;
			sourceTree = "<group>";
		};
		EC1E451523942A4E009CB1FF /* PencilKitMNIST */ = {
			isa = PBXGroup;
			children = (
				EC1E451623942A4E009CB1FF /* AppDelegate.swift */,
				EC1E451823942A4E009CB1FF /* SceneDelegate.swift */,
				EC1E451A23942A4E009CB1FF /* ViewController.swift */,
				EC1E451C23942A4E009CB1FF /* Main.storyboard */,
				EC1E452A23943146009CB1FF /* UIImage+Extension.swift */,
				EC1E451F23942A4F009CB1FF /* Assets.xcassets */,
				EC0547F823956CE700F5501F /* MNIST.mlmodel */,
				ECC0B23923A2E3B900D970B8 /* MNISTClassifier.mlmodel */,
				EC1E452123942A4F009CB1FF /* LaunchScreen.storyboard */,
				EC1E452423942A4F009CB1FF /* Info.plist */,
			);
			path = PencilKitMNIST;
			sourceTree = "<group>";
		};
/* End PBXGroup section */

/* Begin PBXNativeTarget section */
		EC1E451223942A4E009CB1FF /* PencilKitMNIST */ = {
			isa = PBXNativeTarget;
			buildConfigurationList = EC1E452723942A4F009CB1FF /* Build configuration list for PBXNativeTarget "PencilKitMNIST" */;
			buildPhases = (
				EC1E450F23942A4E009CB1FF /* Sources */,
				EC1E451023942A4E009CB1FF /* Frameworks */,
				EC1E451123942A4E009CB1FF /* Resources */,
			);
			buildRules = (
			);
			dependencies = (
			);
			name = PencilKitMNIST;
			productName = PencilKitMNIST;
			productReference = EC1E451323942A4E009CB1FF /* PencilKitMNIST.app */;
			productType = "com.apple.product-type.application";
		};
/* End PBXNativeTarget section */

/* Begin PBXProject section */
		EC1E450B23942A4E009CB1FF /* Project object */ = {
			isa = PBXProject;
			attributes = {
				LastSwiftUpdateCheck = 1120;
				LastUpgradeCheck = 1120;
				ORGANIZATIONNAME = "荒居秀尚";
				TargetAttributes = {
					EC1E451223942A4E009CB1FF = {
						CreatedOnToolsVersion = 11.2.1;
					};
				};
			};
			buildConfigurationList = EC1E450E23942A4E009CB1FF /* Build configuration list for PBXProject "PencilKitMNIST" */;
			compatibilityVersion = "Xcode 9.3";
			developmentRegion = en;
			hasScannedForEncodings = 0;
			knownRegions = (
				en,
				Base,
			);
			mainGroup = EC1E450A23942A4E009CB1FF;
			productRefGroup = EC1E451423942A4E009CB1FF /* Products */;
			projectDirPath = "";
			projectRoot = "";
			targets = (
				EC1E451223942A4E009CB1FF /* PencilKitMNIST */,
			);
		};
/* End PBXProject section */

/* Begin PBXResourcesBuildPhase section */
		EC1E451123942A4E009CB1FF /* Resources */ = {
			isa = PBXResourcesBuildPhase;
			buildActionMask = 2147483647;
			files = (
				EC1E452323942A4F009CB1FF /* LaunchScreen.storyboard in Resources */,
				EC1E452023942A4F009CB1FF /* Assets.xcassets in Resources */,
				EC1E451E23942A4E009CB1FF /* Main.storyboard in Resources */,
			);
			runOnlyForDeploymentPostprocessing = 0;
		};
/* End PBXResourcesBuildPhase section */

/* Begin PBXSourcesBuildPhase section */
		EC1E450F23942A4E009CB1FF /* Sources */ = {
			isa = PBXSourcesBuildPhase;
			buildActionMask = 2147483647;
			files = (
				EC1E451B23942A4E009CB1FF /* ViewController.swift in Sources */,
				EC1E451723942A4E009CB1FF /* AppDelegate.swift in Sources */,
				EC1E451923942A4E009CB1FF /* SceneDelegate.swift in Sources */,
				EC0547F923956CE700F5501F /* MNIST.mlmodel in Sources */,
				EC1E452B23943146009CB1FF /* UIImage+Extension.swift in Sources */,
				ECC0B23A23A2E3B900D970B8 /* MNISTClassifier.mlmodel in Sources */,
			);
			runOnlyForDeploymentPostprocessing = 0;
		};
/* End PBXSourcesBuildPhase section */

/* Begin PBXVariantGroup section */
		EC1E451C23942A4E009CB1FF /* Main.storyboard */ = {
			isa = PBXVariantGroup;
			children = (
				EC1E451D23942A4E009CB1FF /* Base */,
			);
			name = Main.storyboard;
			sourceTree = "<group>";
		};
		EC1E452123942A4F009CB1FF /* LaunchScreen.storyboard */ = {
			isa = PBXVariantGroup;
			children = (
				EC1E452223942A4F009CB1FF /* Base */,
			);
			name = LaunchScreen.storyboard;
			sourceTree = "<group>";
		};
/* End PBXVariantGroup section */

/* Begin XCBuildConfiguration section */
		EC1E452523942A4F009CB1FF /* Debug */ = {
			isa = XCBuildConfiguration;
			buildSettings = {
				ALWAYS_SEARCH_USER_PATHS = NO;
				CLANG_ANALYZER_NONNULL = YES;
				CLANG_ANALYZER_NUMBER_OBJECT_CONVERSION = YES_AGGRESSIVE;
				CLANG_CXX_LANGUAGE_STANDARD = "gnu++14";
				CLANG_CXX_LIBRARY = "libc++";
				CLANG_ENABLE_MODULES = YES;
				CLANG_ENABLE_OBJC_ARC = YES;
				CLANG_ENABLE_OBJC_WEAK = YES;
				CLANG_WARN_BLOCK_CAPTURE_AUTORELEASING = YES;
				CLANG_WARN_BOOL_CONVERSION = YES;
				CLANG_WARN_COMMA = YES;
				CLANG_WARN_CONSTANT_CONVERSION = YES;
				CLANG_WARN_DEPRECATED_OBJC_IMPLEMENTATIONS = YES;
				CLANG_WARN_DIRECT_OBJC_ISA_USAGE = YES_ERROR;
				CLANG_WARN_DOCUMENTATION_COMMENTS = YES;
				CLANG_WARN_EMPTY_BODY = YES;
				CLANG_WARN_ENUM_CONVERSION = YES;
				CLANG_WARN_INFINITE_RECURSION = YES;
				CLANG_WARN_INT_CONVERSION = YES;
				CLANG_WARN_NON_LITERAL_NULL_CONVERSION = YES;
				CLANG_WARN_OBJC_IMPLICIT_RETAIN_SELF = YES;
				CLANG_WARN_OBJC_LITERAL_CONVERSION = YES;
				CLANG_WARN_OBJC_ROOT_CLASS = YES_ERROR;
				CLANG_WARN_RANGE_LOOP_ANALYSIS = YES;
				CLANG_WARN_STRICT_PROTOTYPES = YES;
				CLANG_WARN_SUSPICIOUS_MOVE = YES;
				CLANG_WARN_UNGUARDED_AVAILABILITY = YES_AGGRESSIVE;
				CLANG_WARN_UNREACHABLE_CODE = YES;
				CLANG_WARN__DUPLICATE_METHOD_MATCH = YES;
				COPY_PHASE_STRIP = NO;
				DEBUG_INFORMATION_FORMAT = dwarf;
				ENABLE_STRICT_OBJC_MSGSEND = YES;
				ENABLE_TESTABILITY = YES;
				GCC_C_LANGUAGE_STANDARD = gnu11;
				GCC_DYNAMIC_NO_PIC = NO;
				GCC_NO_COMMON_BLOCKS = YES;
				GCC_OPTIMIZATION_LEVEL = 0;
				GCC_PREPROCESSOR_DEFINITIONS = (
					"DEBUG=1",
					"$(inherited)",
				);
				GCC_WARN_64_TO_32_BIT_CONVERSION = YES;
				GCC_WARN_ABOUT_RETURN_TYPE = YES_ERROR;
				GCC_WARN_UNDECLARED_SELECTOR = YES;
				GCC_WARN_UNINITIALIZED_AUTOS = YES_AGGRESSIVE;
				GCC_WARN_UNUSED_FUNCTION = YES;
				GCC_WARN_UNUSED_VARIABLE = YES;
				IPHONEOS_DEPLOYMENT_TARGET = 13.2;
				MTL_ENABLE_DEBUG_INFO = INCLUDE_SOURCE;
				MTL_FAST_MATH = YES;
				ONLY_ACTIVE_ARCH = YES;
				SDKROOT = iphoneos;
				SWIFT_ACTIVE_COMPILATION_CONDITIONS = DEBUG;
				SWIFT_OPTIMIZATION_LEVEL = "-Onone";
			};
			name = Debug;
		};
		EC1E452623942A4F009CB1FF /* Release */ = {
			isa = XCBuildConfiguration;
			buildSettings = {
				ALWAYS_SEARCH_USER_PATHS = NO;
				CLANG_ANALYZER_NONNULL = YES;
				CLANG_ANALYZER_NUMBER_OBJECT_CONVERSION = YES_AGGRESSIVE;
				CLANG_CXX_LANGUAGE_STANDARD = "gnu++14";
				CLANG_CXX_LIBRARY = "libc++";
				CLANG_ENABLE_MODULES = YES;
				CLANG_ENABLE_OBJC_ARC = YES;
				CLANG_ENABLE_OBJC_WEAK = YES;
				CLANG_WARN_BLOCK_CAPTURE_AUTORELEASING = YES;
				CLANG_WARN_BOOL_CONVERSION = YES;
				CLANG_WARN_COMMA = YES;
				CLANG_WARN_CONSTANT_CONVERSION = YES;
				CLANG_WARN_DEPRECATED_OBJC_IMPLEMENTATIONS = YES;
				CLANG_WARN_DIRECT_OBJC_ISA_USAGE = YES_ERROR;
				CLANG_WARN_DOCUMENTATION_COMMENTS = YES;
				CLANG_WARN_EMPTY_BODY = YES;
				CLANG_WARN_ENUM_CONVERSION = YES;
				CLANG_WARN_INFINITE_RECURSION = YES;
				CLANG_WARN_INT_CONVERSION = YES;
				CLANG_WARN_NON_LITERAL_NULL_CONVERSION = YES;
				CLANG_WARN_OBJC_IMPLICIT_RETAIN_SELF = YES;
				CLANG_WARN_OBJC_LITERAL_CONVERSION = YES;
				CLANG_WARN_OBJC_ROOT_CLASS = YES_ERROR;
				CLANG_WARN_RANGE_LOOP_ANALYSIS = YES;
				CLANG_WARN_STRICT_PROTOTYPES = YES;
				CLANG_WARN_SUSPICIOUS_MOVE = YES;
				CLANG_WARN_UNGUARDED_AVAILABILITY = YES_AGGRESSIVE;
				CLANG_WARN_UNREACHABLE_CODE = YES;
				CLANG_WARN__DUPLICATE_METHOD_MATCH = YES;
				COPY_PHASE_STRIP = NO;
				DEBUG_INFORMATION_FORMAT = "dwarf-with-dsym";
				ENABLE_NS_ASSERTIONS = NO;
				ENABLE_STRICT_OBJC_MSGSEND = YES;
				GCC_C_LANGUAGE_STANDARD = gnu11;
				GCC_NO_COMMON_BLOCKS = YES;
				GCC_WARN_64_TO_32_BIT_CONVERSION = YES;
				GCC_WARN_ABOUT_RETURN_TYPE = YES_ERROR;
				GCC_WARN_UNDECLARED_SELECTOR = YES;
				GCC_WARN_UNINITIALIZED_AUTOS = YES_AGGRESSIVE;
				GCC_WARN_UNUSED_FUNCTION = YES;
				GCC_WARN_UNUSED_VARIABLE = YES;
				IPHONEOS_DEPLOYMENT_TARGET = 13.2;
				MTL_ENABLE_DEBUG_INFO = NO;
				MTL_FAST_MATH = YES;
				SDKROOT = iphoneos;
				SWIFT_COMPILATION_MODE = wholemodule;
				SWIFT_OPTIMIZATION_LEVEL = "-O";
				VALIDATE_PRODUCT = YES;
			};
			name = Release;
		};
		EC1E452823942A4F009CB1FF /* Debug */ = {
			isa = XCBuildConfiguration;
			buildSettings = {
				ASSETCATALOG_COMPILER_APPICON_NAME = AppIcon;
				CODE_SIGN_STYLE = Automatic;
				DEVELOPMENT_TEAM = PWSCZASUZP;
				INFOPLIST_FILE = PencilKitMNIST/Info.plist;
				LD_RUNPATH_SEARCH_PATHS = (
					"$(inherited)",
					"@executable_path/Frameworks",
				);
				PRODUCT_BUNDLE_IDENTIFIER = com.gmail.hide1996.PencilKitMNIST;
				PRODUCT_NAME = "$(TARGET_NAME)";
				SWIFT_VERSION = 5.0;
				TARGETED_DEVICE_FAMILY = "1,2";
			};
			name = Debug;
		};
		EC1E452923942A4F009CB1FF /* Release */ = {
			isa = XCBuildConfiguration;
			buildSettings = {
				ASSETCATALOG_COMPILER_APPICON_NAME = AppIcon;
				CODE_SIGN_STYLE = Automatic;
				DEVELOPMENT_TEAM = PWSCZASUZP;
				INFOPLIST_FILE = PencilKitMNIST/Info.plist;
				LD_RUNPATH_SEARCH_PATHS = (
					"$(inherited)",
					"@executable_path/Frameworks",
				);
				PRODUCT_BUNDLE_IDENTIFIER = com.gmail.hide1996.PencilKitMNIST;
				PRODUCT_NAME = "$(TARGET_NAME)";
				SWIFT_VERSION = 5.0;
				TARGETED_DEVICE_FAMILY = "1,2";
			};
			name = Release;
		};
/* End XCBuildConfiguration section */

/* Begin XCConfigurationList section */
		EC1E450E23942A4E009CB1FF /* Build configuration list for PBXProject "PencilKitMNIST" */ = {
			isa = XCConfigurationList;
			buildConfigurations = (
				EC1E452523942A4F009CB1FF /* Debug */,
				EC1E452623942A4F009CB1FF /* Release */,
			);
			defaultConfigurationIsVisible = 0;
			defaultConfigurationName = Release;
		};
		EC1E452723942A4F009CB1FF /* Build configuration list for PBXNativeTarget "PencilKitMNIST" */ = {
			isa = XCConfigurationList;
			buildConfigurations = (
				EC1E452823942A4F009CB1FF /* Debug */,
				EC1E452923942A4F009CB1FF /* Release */,
			);
			defaultConfigurationIsVisible = 0;
			defaultConfigurationName = Release;
		};
/* End XCConfigurationList section */
	};
	rootObject = EC1E450B23942A4E009CB1FF /* Project object */;
}
